
Microsoft Visual Studio Solution File, Format Version 12.00
# Visual Studio Version 17
VisualStudioVersion = 17.5.33530.505
MinimumVisualStudioVersion = 10.0.40219.1
Project("{9A19103F-16F7-4668-BE54-9A1E7A4F7556}") = "WebScraper_AllParticipants_2008to2022", "WebScraper\WebScraper_AllParticipants_2008to2022.csproj", "{68EEBD3E-732A-4B99-8E63-D323797F32E1}"
EndProject
Project("{9A19103F-16F7-4668-BE54-9A1E7A4F7556}") = "WebScraper_ClassLibrary", "WebScraper_ClassLibrary\WebScraper_ClassLibrary.csproj", "{3241B43E-259D-48C0-9755-A5E9B512D73C}"
EndProject
Project("{9A19103F-16F7-4668-BE54-9A1E7A4F7556}") = "FunctionApp_DataAccess", "FunctionApp_DataAccess\FunctionApp_DataAccess.csproj", "{EECE122C-9427-46B7-A71A-862CF55466B1}"
EndProject
Project("{FAE04EC0-301F-11D3-BF4B-00C04F79EFBC}") = "EurovisionFunBlazorApp", "EurovisionFunBlazorApp\EurovisionFunBlazorApp.csproj", "{7D627152-913A-408D-9D61-A50B329C3EAA}"
EndProject
Global
	GlobalSection(SolutionConfigurationPlatforms) = preSolution
		Debug|Any CPU = Debug|Any CPU
		Release|Any CPU = Release|Any CPU
	EndGlobalSection
	GlobalSection(ProjectConfigurationPlatforms) = postSolution
		{68EEBD3E-732A-4B99-8E63-D323797F32E1}.Debug|Any CPU.ActiveCfg = Debug|Any CPU
		{68EEBD3E-732A-4B99-8E63-D323797F32E1}.Debug|Any CPU.Build.0 = Debug|Any CPU
		{68EEBD3E-732A-4B99-8E63-D323797F32E1}.Release|Any CPU.ActiveCfg = Release|Any CPU
		{68EEBD3E-732A-4B99-8E63-D323797F32E1}.Release|Any CPU.Build.0 = Release|Any CPU
		{3241B43E-259D-48C0-9755-A5E9B512D73C}.Debug|Any CPU.ActiveCfg = Debug|Any CPU
		{3241B43E-259D-48C0-9755-A5E9B512D73C}.Debug|Any CPU.Build.0 = Debug|Any CPU
		{3241B43E-259D-48C0-9755-A5E9B512D73C}.Release|Any CPU.ActiveCfg = Release|Any CPU
		{3241B43E-259D-48C0-9755-A5E9B512D73C}.Release|Any CPU.Build.0 = Release|Any CPU
		{EECE122C-9427-46B7-A71A-862CF55466B1}.Debug|Any CPU.ActiveCfg = Debug|Any CPU
		{EECE122C-9427-46B7-A71A-862CF55466B1}.Debug|Any CPU.Build.0 = Debug|Any CPU
		{EECE122C-9427-46B7-A71A-862CF55466B1}.Release|Any CPU.ActiveCfg = Release|Any CPU
		{EECE122C-9427-46B7-A71A-862CF55466B1}.Release|Any CPU.Build.0 = Release|Any CPU
		{7D627152-913A-408D-9D61-A50B329C3EAA}.Debug|Any CPU.ActiveCfg = Debug|Any CPU
		{7D627152-913A-408D-9D61-A50B329C3EAA}.Debug|Any CPU.Build.0 = Debug|Any CPU
		{7D627152-913A-408D-9D61-A50B329C3EAA}.Release|Any CPU.ActiveCfg = Release|Any CPU
		{7D627152-913A-408D-9D61-A50B329C3EAA}.Release|Any CPU.Build.0 = Release|Any CPU
	EndGlobalSection
	GlobalSection(SolutionProperties) = preSolution
		HideSolutionNode = FALSE
	EndGlobalSection
	GlobalSection(ExtensibilityGlobals) = postSolution
		SolutionGuid = {6A2A147E-63FB-4E4A-A0A5-C1EBB9C1BFA3}
	EndGlobalSection
EndGlobal
